// !$*UTF8*$!
{
	archiveVersion = 1;
	classes = {
	};
	objectVersion = 51;
	objects = {

/* Begin PBXBuildFile section */
		552AD022213DC59100C9AB19 /* AppDelegate.swift in Sources */ = {isa = PBXBuildFile; fileRef = 552AD021213DC59100C9AB19 /* AppDelegate.swift */; };
		552AD024213DC59100C9AB19 /* ViewController.swift in Sources */ = {isa = PBXBuildFile; fileRef = 552AD023213DC59100C9AB19 /* ViewController.swift */; };
		552AD026213DC59200C9AB19 /* Assets.xcassets in Resources */ = {isa = PBXBuildFile; fileRef = 552AD025213DC59200C9AB19 /* Assets.xcassets */; };
		552AD029213DC59200C9AB19 /* Main.storyboard in Resources */ = {isa = PBXBuildFile; fileRef = 552AD027213DC59200C9AB19 /* Main.storyboard */; };
		552AD032213DC64300C9AB19 /* CalViewController.swift in Sources */ = {isa = PBXBuildFile; fileRef = 552AD031213DC64300C9AB19 /* CalViewController.swift */; };
		552AD034213DC72B00C9AB19 /* BBCalendar.swift in Sources */ = {isa = PBXBuildFile; fileRef = 552AD033213DC72B00C9AB19 /* BBCalendar.swift */; };
		552AD036213DC75C00C9AB19 /* StringExt.swift in Sources */ = {isa = PBXBuildFile; fileRef = 552AD035213DC75C00C9AB19 /* StringExt.swift */; };
		55495DAC21449E400016A5C4 /* EventMonitor.swift in Sources */ = {isa = PBXBuildFile; fileRef = 55495DAB21449E400016A5C4 /* EventMonitor.swift */; };
		55495DAE2145A9100016A5C4 /* EventNote.icns in Resources */ = {isa = PBXBuildFile; fileRef = 55495DAD2145A9100016A5C4 /* EventNote.icns */; };
		55495DB02145A91B0016A5C4 /* icon_512x512.png in Resources */ = {isa = PBXBuildFile; fileRef = 55495DAF2145A91B0016A5C4 /* icon_512x512.png */; };
		70CE7E7E091795FC768E0C3A /* Pods_EventNotes.framework in Frameworks */ = {isa = PBXBuildFile; fileRef = 87E989DC26F8D5DD768D0DCC /* Pods_EventNotes.framework */; };
/* End PBXBuildFile section */

/* Begin PBXFileReference section */
		03E6F22BDC9627F8858A6917 /* Pods-EventNotes.debug.xcconfig */ = {isa = PBXFileReference; includeInIndex = 1; lastKnownFileType = text.xcconfig; name = "Pods-EventNotes.debug.xcconfig"; path = "Pods/Target Support Files/Pods-EventNotes/Pods-EventNotes.debug.xcconfig"; sourceTree = "<group>"; };
		552AD01E213DC59100C9AB19 /* EventNotes.app */ = {isa = PBXFileReference; explicitFileType = wrapper.application; includeInIndex = 0; path = EventNotes.app; sourceTree = BUILT_PRODUCTS_DIR; };
		552AD021213DC59100C9AB19 /* AppDelegate.swift */ = {isa = PBXFileReference; lastKnownFileType = sourcecode.swift; path = AppDelegate.swift; sourceTree = "<group>"; };
		552AD023213DC59100C9AB19 /* ViewController.swift */ = {isa = PBXFileReference; lastKnownFileType = sourcecode.swift; path = ViewController.swift; sourceTree = "<group>"; };
		552AD025213DC59200C9AB19 /* Assets.xcassets */ = {isa = PBXFileReference; lastKnownFileType = folder.assetcatalog; path = Assets.xcassets; sourceTree = "<group>"; };
		552AD028213DC59200C9AB19 /* Base */ = {isa = PBXFileReference; lastKnownFileType = file.storyboard; name = Base; path = Base.lproj/Main.storyboard; sourceTree = "<group>"; };
		552AD02A213DC59200C9AB19 /* Info.plist */ = {isa = PBXFileReference; lastKnownFileType = text.plist.xml; path = Info.plist; sourceTree = "<group>"; };
		552AD02B213DC59200C9AB19 /* EventNotes.entitlements */ = {isa = PBXFileReference; lastKnownFileType = text.plist.entitlements; path = EventNotes.entitlements; sourceTree = "<group>"; };
		552AD031213DC64300C9AB19 /* CalViewController.swift */ = {isa = PBXFileReference; lastKnownFileType = sourcecode.swift; path = CalViewController.swift; sourceTree = "<group>"; };
		552AD033213DC72B00C9AB19 /* BBCalendar.swift */ = {isa = PBXFileReference; lastKnownFileType = sourcecode.swift; path = BBCalendar.swift; sourceTree = "<group>"; };
		552AD035213DC75C00C9AB19 /* StringExt.swift */ = {isa = PBXFileReference; lastKnownFileType = sourcecode.swift; path = StringExt.swift; sourceTree = "<group>"; };
		55495DAB21449E400016A5C4 /* EventMonitor.swift */ = {isa = PBXFileReference; lastKnownFileType = sourcecode.swift; path = EventMonitor.swift; sourceTree = "<group>"; };
		55495DAD2145A9100016A5C4 /* EventNote.icns */ = {isa = PBXFileReference; lastKnownFileType = image.icns; path = EventNote.icns; sourceTree = "<group>"; };
		55495DAF2145A91B0016A5C4 /* icon_512x512.png */ = {isa = PBXFileReference; lastKnownFileType = image.png; path = icon_512x512.png; sourceTree = "<group>"; };
		87E989DC26F8D5DD768D0DCC /* Pods_EventNotes.framework */ = {isa = PBXFileReference; explicitFileType = wrapper.framework; includeInIndex = 0; path = Pods_EventNotes.framework; sourceTree = BUILT_PRODUCTS_DIR; };
		A98CE2539DF97F4861ED4D28 /* Pods-EventNotes.release.xcconfig */ = {isa = PBXFileReference; includeInIndex = 1; lastKnownFileType = text.xcconfig; name = "Pods-EventNotes.release.xcconfig"; path = "Pods/Target Support Files/Pods-EventNotes/Pods-EventNotes.release.xcconfig"; sourceTree = "<group>"; };
/* End PBXFileReference section */

/* Begin PBXFrameworksBuildPhase section */
		552AD01B213DC59100C9AB19 /* Frameworks */ = {
			isa = PBXFrameworksBuildPhase;
			buildActionMask = 2147483647;
			files = (
				70CE7E7E091795FC768E0C3A /* Pods_EventNotes.framework in Frameworks */,
			);
			runOnlyForDeploymentPostprocessing = 0;
		};
/* End PBXFrameworksBuildPhase section */

/* Begin PBXGroup section */
		25570099C113A7D8964AFC67 /* Pods */ = {
			isa = PBXGroup;
			children = (
				03E6F22BDC9627F8858A6917 /* Pods-EventNotes.debug.xcconfig */,
				A98CE2539DF97F4861ED4D28 /* Pods-EventNotes.release.xcconfig */,
			);
			name = Pods;
			sourceTree = "<group>";
		};
		339A642FA1012658FCA4029F /* Frameworks */ = {
			isa = PBXGroup;
			children = (
				87E989DC26F8D5DD768D0DCC /* Pods_EventNotes.framework */,
			);
			name = Frameworks;
			sourceTree = "<group>";
		};
		552AD015213DC59100C9AB19 = {
			isa = PBXGroup;
			children = (
				55495DAF2145A91B0016A5C4 /* icon_512x512.png */,
				55495DAD2145A9100016A5C4 /* EventNote.icns */,
				552AD020213DC59100C9AB19 /* EventNotes */,
				552AD01F213DC59100C9AB19 /* Products */,
				25570099C113A7D8964AFC67 /* Pods */,
				339A642FA1012658FCA4029F /* Frameworks */,
			);
			sourceTree = "<group>";
		};
		552AD01F213DC59100C9AB19 /* Products */ = {
			isa = PBXGroup;
			children = (
				552AD01E213DC59100C9AB19 /* EventNotes.app */,
			);
			name = Products;
			sourceTree = "<group>";
		};
		552AD020213DC59100C9AB19 /* EventNotes */ = {
			isa = PBXGroup;
			children = (
				552AD021213DC59100C9AB19 /* AppDelegate.swift */,
				552AD035213DC75C00C9AB19 /* StringExt.swift */,
				552AD023213DC59100C9AB19 /* ViewController.swift */,
				552AD025213DC59200C9AB19 /* Assets.xcassets */,
				552AD027213DC59200C9AB19 /* Main.storyboard */,
				552AD031213DC64300C9AB19 /* CalViewController.swift */,
				552AD02A213DC59200C9AB19 /* Info.plist */,
				552AD02B213DC59200C9AB19 /* EventNotes.entitlements */,
				552AD033213DC72B00C9AB19 /* BBCalendar.swift */,
				55495DAB21449E400016A5C4 /* EventMonitor.swift */,
			);
			path = EventNotes;
			sourceTree = "<group>";
		};
/* End PBXGroup section */

/* Begin PBXNativeTarget section */
		552AD01D213DC59100C9AB19 /* EventNotes */ = {
			isa = PBXNativeTarget;
			buildConfigurationList = 552AD02E213DC59200C9AB19 /* Build configuration list for PBXNativeTarget "EventNotes" */;
			buildPhases = (
				32A0AD5224EA2BC5E1A5BC32 /* [CP] Check Pods Manifest.lock */,
				552AD01A213DC59100C9AB19 /* Sources */,
				552AD01B213DC59100C9AB19 /* Frameworks */,
				552AD01C213DC59100C9AB19 /* Resources */,
				D3DA64D093C5DFFCD3DEE5D4 /* [CP] Embed Pods Frameworks */,
			);
			buildRules = (
			);
			dependencies = (
			);
			name = EventNotes;
			productName = EventNotes;
			productReference = 552AD01E213DC59100C9AB19 /* EventNotes.app */;
			productType = "com.apple.product-type.application";
		};
/* End PBXNativeTarget section */

/* Begin PBXProject section */
		552AD016213DC59100C9AB19 /* Project object */ = {
			isa = PBXProject;
			attributes = {
				LastSwiftUpdateCheck = 0940;
				LastUpgradeCheck = 0940;
				ORGANIZATIONNAME = "Owen Winkler";
				TargetAttributes = {
					552AD01D213DC59100C9AB19 = {
						CreatedOnToolsVersion = 9.4.1;
					};
				};
			};
			buildConfigurationList = 552AD019213DC59100C9AB19 /* Build configuration list for PBXProject "EventNotes" */;
			compatibilityVersion = "Xcode 10.0";
			developmentRegion = en;
			hasScannedForEncodings = 0;
			knownRegions = (
				en,
				Base,
			);
			mainGroup = 552AD015213DC59100C9AB19;
			productRefGroup = 552AD01F213DC59100C9AB19 /* Products */;
			projectDirPath = "";
			projectRoot = "";
			targets = (
				552AD01D213DC59100C9AB19 /* EventNotes */,
			);
		};
/* End PBXProject section */

/* Begin PBXResourcesBuildPhase section */
		552AD01C213DC59100C9AB19 /* Resources */ = {
			isa = PBXResourcesBuildPhase;
			buildActionMask = 2147483647;
			files = (
				552AD026213DC59200C9AB19 /* Assets.xcassets in Resources */,
				552AD029213DC59200C9AB19 /* Main.storyboard in Resources */,
				55495DAE2145A9100016A5C4 /* EventNote.icns in Resources */,
				55495DB02145A91B0016A5C4 /* icon_512x512.png in Resources */,
			);
			runOnlyForDeploymentPostprocessing = 0;
		};
/* End PBXResourcesBuildPhase section */

/* Begin PBXShellScriptBuildPhase section */
		32A0AD5224EA2BC5E1A5BC32 /* [CP] Check Pods Manifest.lock */ = {
			isa = PBXShellScriptBuildPhase;
			buildActionMask = 2147483647;
			files = (
			);
			inputPaths = (
				"${PODS_PODFILE_DIR_PATH}/Podfile.lock",
				"${PODS_ROOT}/Manifest.lock",
			);
			name = "[CP] Check Pods Manifest.lock";
			outputPaths = (
				"$(DERIVED_FILE_DIR)/Pods-EventNotes-checkManifestLockResult.txt",
			);
			runOnlyForDeploymentPostprocessing = 0;
			shellPath = /bin/sh;
			shellScript = "diff \"${PODS_PODFILE_DIR_PATH}/Podfile.lock\" \"${PODS_ROOT}/Manifest.lock\" > /dev/null\nif [ $? != 0 ] ; then\n    # print error to STDERR\n    echo \"error: The sandbox is not in sync with the Podfile.lock. Run 'pod install' or update your CocoaPods installation.\" >&2\n    exit 1\nfi\n# This output is used by Xcode 'outputs' to avoid re-running this script phase.\necho \"SUCCESS\" > \"${SCRIPT_OUTPUT_FILE_0}\"\n";
			showEnvVarsInLog = 0;
		};
		D3DA64D093C5DFFCD3DEE5D4 /* [CP] Embed Pods Frameworks */ = {
			isa = PBXShellScriptBuildPhase;
			buildActionMask = 2147483647;
			files = (
			);
			inputPaths = (
				"${SRCROOT}/Pods/Target Support Files/Pods-EventNotes/Pods-EventNotes-frameworks.sh",
				"${BUILT_PRODUCTS_DIR}/CallbackURLKit/CallbackURLKit.framework",
			);
			name = "[CP] Embed Pods Frameworks";
			outputPaths = (
				"${TARGET_BUILD_DIR}/${FRAMEWORKS_FOLDER_PATH}/CallbackURLKit.framework",
			);
			runOnlyForDeploymentPostprocessing = 0;
			shellPath = /bin/sh;
			shellScript = "\"${SRCROOT}/Pods/Target Support Files/Pods-EventNotes/Pods-EventNotes-frameworks.sh\"\n";
			showEnvVarsInLog = 0;
		};
/* End PBXShellScriptBuildPhase section */

/* Begin PBXSourcesBuildPhase section */
		552AD01A213DC59100C9AB19 /* Sources */ = {
			isa = PBXSourcesBuildPhase;
			buildActionMask = 2147483647;
			files = (
				552AD024213DC59100C9AB19 /* ViewController.swift in Sources */,
				552AD034213DC72B00C9AB19 /* BBCalendar.swift in Sources */,
				552AD032213DC64300C9AB19 /* CalViewController.swift in Sources */,
				55495DAC21449E400016A5C4 /* EventMonitor.swift in Sources */,
				552AD022213DC59100C9AB19 /* AppDelegate.swift in Sources */,
				552AD036213DC75C00C9AB19 /* StringExt.swift in Sources */,
			);
			runOnlyForDeploymentPostprocessing = 0;
		};
/* End PBXSourcesBuildPhase section */

/* Begin PBXVariantGroup section */
		552AD027213DC59200C9AB19 /* Main.storyboard */ = {
			isa = PBXVariantGroup;
			children = (
				552AD028213DC59200C9AB19 /* Base */,
			);
			name = Main.storyboard;
			sourceTree = "<group>";
		};
/* End PBXVariantGroup section */

/* Begin XCBuildConfiguration section */
		552AD02C213DC59200C9AB19 /* Debug */ = {
			isa = XCBuildConfiguration;
			buildSettings = {
				ALWAYS_SEARCH_USER_PATHS = NO;
				CLANG_ANALYZER_NONNULL = YES;
				CLANG_ANALYZER_NUMBER_OBJECT_CONVERSION = YES_AGGRESSIVE;
				CLANG_CXX_LANGUAGE_STANDARD = "gnu++14";
				CLANG_CXX_LIBRARY = "libc++";
				CLANG_ENABLE_MODULES = YES;
				CLANG_ENABLE_OBJC_ARC = YES;
				CLANG_ENABLE_OBJC_WEAK = YES;
				CLANG_WARN_BLOCK_CAPTURE_AUTORELEASING = YES;
				CLANG_WARN_BOOL_CONVERSION = YES;
				CLANG_WARN_COMMA = YES;
				CLANG_WARN_CONSTANT_CONVERSION = YES;
				CLANG_WARN_DEPRECATED_OBJC_IMPLEMENTATIONS = YES;
				CLANG_WARN_DIRECT_OBJC_ISA_USAGE = YES_ERROR;
				CLANG_WARN_DOCUMENTATION_COMMENTS = YES;
				CLANG_WARN_EMPTY_BODY = YES;
				CLANG_WARN_ENUM_CONVERSION = YES;
				CLANG_WARN_INFINITE_RECURSION = YES;
				CLANG_WARN_INT_CONVERSION = YES;
				CLANG_WARN_NON_LITERAL_NULL_CONVERSION = YES;
				CLANG_WARN_OBJC_IMPLICIT_RETAIN_SELF = YES;
				CLANG_WARN_OBJC_LITERAL_CONVERSION = YES;
				CLANG_WARN_OBJC_ROOT_CLASS = YES_ERROR;
				CLANG_WARN_RANGE_LOOP_ANALYSIS = YES;
				CLANG_WARN_STRICT_PROTOTYPES = YES;
				CLANG_WARN_SUSPICIOUS_MOVE = YES;
				CLANG_WARN_UNGUARDED_AVAILABILITY = YES_AGGRESSIVE;
				CLANG_WARN_UNREACHABLE_CODE = YES;
				CLANG_WARN__DUPLICATE_METHOD_MATCH = YES;
				CODE_SIGN_IDENTITY = "-";
				COPY_PHASE_STRIP = NO;
				DEBUG_INFORMATION_FORMAT = dwarf;
				ENABLE_STRICT_OBJC_MSGSEND = YES;
				ENABLE_TESTABILITY = YES;
				GCC_C_LANGUAGE_STANDARD = gnu11;
				GCC_DYNAMIC_NO_PIC = NO;
				GCC_NO_COMMON_BLOCKS = YES;
				GCC_OPTIMIZATION_LEVEL = 0;
				GCC_PREPROCESSOR_DEFINITIONS = (
					"DEBUG=1",
					"$(inherited)",
				);
				GCC_WARN_64_TO_32_BIT_CONVERSION = YES;
				GCC_WARN_ABOUT_RETURN_TYPE = YES_ERROR;
				GCC_WARN_UNDECLARED_SELECTOR = YES;
				GCC_WARN_UNINITIALIZED_AUTOS = YES_AGGRESSIVE;
				GCC_WARN_UNUSED_FUNCTION = YES;
				GCC_WARN_UNUSED_VARIABLE = YES;
				MACOSX_DEPLOYMENT_TARGET = 10.13;
				MTL_ENABLE_DEBUG_INFO = YES;
				ONLY_ACTIVE_ARCH = YES;
				SDKROOT = macosx;
				SWIFT_ACTIVE_COMPILATION_CONDITIONS = DEBUG;
				SWIFT_OPTIMIZATION_LEVEL = "-Onone";
			};
			name = Debug;
		};
		552AD02D213DC59200C9AB19 /* Release */ = {
			isa = XCBuildConfiguration;
			buildSettings = {
				ALWAYS_SEARCH_USER_PATHS = NO;
				CLANG_ANALYZER_NONNULL = YES;
				CLANG_ANALYZER_NUMBER_OBJECT_CONVERSION = YES_AGGRESSIVE;
				CLANG_CXX_LANGUAGE_STANDARD = "gnu++14";
				CLANG_CXX_LIBRARY = "libc++";
				CLANG_ENABLE_MODULES = YES;
				CLANG_ENABLE_OBJC_ARC = YES;
				CLANG_ENABLE_OBJC_WEAK = YES;
				CLANG_WARN_BLOCK_CAPTURE_AUTORELEASING = YES;
				CLANG_WARN_BOOL_CONVERSION = YES;
				CLANG_WARN_COMMA = YES;
				CLANG_WARN_CONSTANT_CONVERSION = YES;
				CLANG_WARN_DEPRECATED_OBJC_IMPLEMENTATIONS = YES;
				CLANG_WARN_DIRECT_OBJC_ISA_USAGE = YES_ERROR;
				CLANG_WARN_DOCUMENTATION_COMMENTS = YES;
				CLANG_WARN_EMPTY_BODY = YES;
				CLANG_WARN_ENUM_CONVERSION = YES;
				CLANG_WARN_INFINITE_RECURSION = YES;
				CLANG_WARN_INT_CONVERSION = YES;
				CLANG_WARN_NON_LITERAL_NULL_CONVERSION = YES;
				CLANG_WARN_OBJC_IMPLICIT_RETAIN_SELF = YES;
				CLANG_WARN_OBJC_LITERAL_CONVERSION = YES;
				CLANG_WARN_OBJC_ROOT_CLASS = YES_ERROR;
				CLANG_WARN_RANGE_LOOP_ANALYSIS = YES;
				CLANG_WARN_STRICT_PROTOTYPES = YES;
				CLANG_WARN_SUSPICIOUS_MOVE = YES;
				CLANG_WARN_UNGUARDED_AVAILABILITY = YES_AGGRESSIVE;
				CLANG_WARN_UNREACHABLE_CODE = YES;
				CLANG_WARN__DUPLICATE_METHOD_MATCH = YES;
				CODE_SIGN_IDENTITY = "-";
				COPY_PHASE_STRIP = NO;
				DEBUG_INFORMATION_FORMAT = "dwarf-with-dsym";
				ENABLE_NS_ASSERTIONS = NO;
				ENABLE_STRICT_OBJC_MSGSEND = YES;
				GCC_C_LANGUAGE_STANDARD = gnu11;
				GCC_NO_COMMON_BLOCKS = YES;
				GCC_WARN_64_TO_32_BIT_CONVERSION = YES;
				GCC_WARN_ABOUT_RETURN_TYPE = YES_ERROR;
				GCC_WARN_UNDECLARED_SELECTOR = YES;
				GCC_WARN_UNINITIALIZED_AUTOS = YES_AGGRESSIVE;
				GCC_WARN_UNUSED_FUNCTION = YES;
				GCC_WARN_UNUSED_VARIABLE = YES;
				MACOSX_DEPLOYMENT_TARGET = 10.13;
				MTL_ENABLE_DEBUG_INFO = NO;
				SDKROOT = macosx;
				SWIFT_COMPILATION_MODE = wholemodule;
				SWIFT_OPTIMIZATION_LEVEL = "-O";
			};
			name = Release;
		};
		552AD02F213DC59200C9AB19 /* Debug */ = {
			isa = XCBuildConfiguration;
			baseConfigurationReference = 03E6F22BDC9627F8858A6917 /* Pods-EventNotes.debug.xcconfig */;
			buildSettings = {
				ASSETCATALOG_COMPILER_APPICON_NAME = AppIcon;
				CODE_SIGN_ENTITLEMENTS = EventNotes/EventNotes.entitlements;
				CODE_SIGN_IDENTITY = "Mac Developer";
				CODE_SIGN_STYLE = Automatic;
				COMBINE_HIDPI_IMAGES = YES;
				DEVELOPMENT_TEAM = 5FD8ZXLZ4V;
				INFOPLIST_FILE = EventNotes/Info.plist;
				LD_RUNPATH_SEARCH_PATHS = (
					"$(inherited)",
					"@executable_path/../Frameworks",
				);
				PRODUCT_BUNDLE_IDENTIFIER = com.CriticalHit.EventNotes;
				PRODUCT_NAME = "$(TARGET_NAME)";
				SWIFT_VERSION = 4.0;
			};
			name = Debug;
		};
		552AD030213DC59200C9AB19 /* Release */ = {
			isa = XCBuildConfiguration;
			baseConfigurationReference = A98CE2539DF97F4861ED4D28 /* Pods-EventNotes.release.xcconfig */;
			buildSettings = {
				ASSETCATALOG_COMPILER_APPICON_NAME = AppIcon;
				CODE_SIGN_ENTITLEMENTS = EventNotes/EventNotes.entitlements;
				CODE_SIGN_IDENTITY = "Mac Developer";
				CODE_SIGN_STYLE = Automatic;
				COMBINE_HIDPI_IMAGES = YES;
				DEVELOPMENT_TEAM = 5FD8ZXLZ4V;
				INFOPLIST_FILE = EventNotes/Info.plist;
				LD_RUNPATH_SEARCH_PATHS = (
					"$(inherited)",
					"@executable_path/../Frameworks",
				);
				PRODUCT_BUNDLE_IDENTIFIER = com.CriticalHit.EventNotes;
				PRODUCT_NAME = "$(TARGET_NAME)";
				SWIFT_VERSION = 4.0;
			};
			name = Release;
		};
/* End XCBuildConfiguration section */

/* Begin XCConfigurationList section */
		552AD019213DC59100C9AB19 /* Build configuration list for PBXProject "EventNotes" */ = {
			isa = XCConfigurationList;
			buildConfigurations = (
				552AD02C213DC59200C9AB19 /* Debug */,
				552AD02D213DC59200C9AB19 /* Release */,
			);
			defaultConfigurationIsVisible = 0;
			defaultConfigurationName = Release;
		};
		552AD02E213DC59200C9AB19 /* Build configuration list for PBXNativeTarget "EventNotes" */ = {
			isa = XCConfigurationList;
			buildConfigurations = (
				552AD02F213DC59200C9AB19 /* Debug */,
				552AD030213DC59200C9AB19 /* Release */,
			);
			defaultConfigurationIsVisible = 0;
			defaultConfigurationName = Release;
		};
/* End XCConfigurationList section */
	};
	rootObject = 552AD016213DC59100C9AB19 /* Project object */;
}
